// !$*UTF8*$!
{
	archiveVersion = 1;
	classes = {
	};
	objectVersion = 56;
	objects = {

/* Begin PBXBuildFile section */
		AFDF9E252A37F97400E60BB8 /* TurdGoApp.swift in Sources */ = {isa = PBXBuildFile; fileRef = AFDF9E242A37F97400E60BB8 /* TurdGoApp.swift */; };
		AFDF9E292A37F9BD00E60BB8 /* Assets.xcassets in Resources */ = {isa = PBXBuildFile; fileRef = AFDF9E282A37F9BD00E60BB8 /* Assets.xcassets */; };
		AFDF9E2C2A37F9BD00E60BB8 /* Preview Assets.xcassets in Resources */ = {isa = PBXBuildFile; fileRef = AFDF9E2B2A37F9BD00E60BB8 /* Preview Assets.xcassets */; };
		AFDF9E332A37FF2E00E60BB8 /* ContentView.swift in Sources */ = {isa = PBXBuildFile; fileRef = AFDF9E322A37FF2E00E60BB8 /* ContentView.swift */; };
		AFDF9E352A37FF6400E60BB8 /* MapViewRepresentable.swift in Sources */ = {isa = PBXBuildFile; fileRef = AFDF9E342A37FF6400E60BB8 /* MapViewRepresentable.swift */; };
		AFDF9E372A38030A00E60BB8 /* LocationManager.swift in Sources */ = {isa = PBXBuildFile; fileRef = AFDF9E362A38030A00E60BB8 /* LocationManager.swift */; };
		AFDF9E532A382BB500E60BB8 /* LocationSearchView.swift in Sources */ = {isa = PBXBuildFile; fileRef = AFDF9E522A382BB500E60BB8 /* LocationSearchView.swift */; };
		AFDF9E572A382E2700E60BB8 /* NavButton.swift in Sources */ = {isa = PBXBuildFile; fileRef = AFDF9E562A382E2700E60BB8 /* NavButton.swift */; };
		AFDF9E592A382F6100E60BB8 /* AddressListView.swift in Sources */ = {isa = PBXBuildFile; fileRef = AFDF9E582A382F6100E60BB8 /* AddressListView.swift */; };
		AFDF9E5B2A3832C800E60BB8 /* AddressScroll.swift in Sources */ = {isa = PBXBuildFile; fileRef = AFDF9E5A2A3832C800E60BB8 /* AddressScroll.swift */; };
		BDEBEB5D2A38BBF1002ED40B /* IntroView.swift in Sources */ = {isa = PBXBuildFile; fileRef = BDEBEB5C2A38BBF1002ED40B /* IntroView.swift */; };
		BDEBEB612A38C0D6002ED40B /* CarterOne-Regular.ttf in Resources */ = {isa = PBXBuildFile; fileRef = BDEBEB602A38C0D6002ED40B /* CarterOne-Regular.ttf */; };
/* End PBXBuildFile section */

/* Begin PBXFileReference section */
		AFDF9E212A37F97400E60BB8 /* TurdGo.app */ = {isa = PBXFileReference; explicitFileType = wrapper.application; includeInIndex = 0; path = TurdGo.app; sourceTree = BUILT_PRODUCTS_DIR; };
		AFDF9E242A37F97400E60BB8 /* TurdGoApp.swift */ = {isa = PBXFileReference; lastKnownFileType = sourcecode.swift; path = TurdGoApp.swift; sourceTree = "<group>"; };
		AFDF9E282A37F9BD00E60BB8 /* Assets.xcassets */ = {isa = PBXFileReference; lastKnownFileType = folder.assetcatalog; path = Assets.xcassets; sourceTree = "<group>"; };
		AFDF9E2B2A37F9BD00E60BB8 /* Preview Assets.xcassets */ = {isa = PBXFileReference; lastKnownFileType = folder.assetcatalog; path = "Preview Assets.xcassets"; sourceTree = "<group>"; };
		AFDF9E322A37FF2E00E60BB8 /* ContentView.swift */ = {isa = PBXFileReference; lastKnownFileType = sourcecode.swift; path = ContentView.swift; sourceTree = "<group>"; };
		AFDF9E342A37FF6400E60BB8 /* MapViewRepresentable.swift */ = {isa = PBXFileReference; lastKnownFileType = sourcecode.swift; path = MapViewRepresentable.swift; sourceTree = "<group>"; };
		AFDF9E362A38030A00E60BB8 /* LocationManager.swift */ = {isa = PBXFileReference; lastKnownFileType = sourcecode.swift; path = LocationManager.swift; sourceTree = "<group>"; };
		AFDF9E522A382BB500E60BB8 /* LocationSearchView.swift */ = {isa = PBXFileReference; lastKnownFileType = sourcecode.swift; path = LocationSearchView.swift; sourceTree = "<group>"; };
		AFDF9E562A382E2700E60BB8 /* NavButton.swift */ = {isa = PBXFileReference; lastKnownFileType = sourcecode.swift; path = NavButton.swift; sourceTree = "<group>"; };
		AFDF9E582A382F6100E60BB8 /* AddressListView.swift */ = {isa = PBXFileReference; lastKnownFileType = sourcecode.swift; path = AddressListView.swift; sourceTree = "<group>"; };
		AFDF9E5A2A3832C800E60BB8 /* AddressScroll.swift */ = {isa = PBXFileReference; lastKnownFileType = sourcecode.swift; path = AddressScroll.swift; sourceTree = "<group>"; };
		BDEBEB5C2A38BBF1002ED40B /* IntroView.swift */ = {isa = PBXFileReference; lastKnownFileType = sourcecode.swift; path = IntroView.swift; sourceTree = "<group>"; };
		BDEBEB5E2A38C095002ED40B /* Info.plist */ = {isa = PBXFileReference; lastKnownFileType = text.plist; path = Info.plist; sourceTree = "<group>"; };
		BDEBEB602A38C0D6002ED40B /* CarterOne-Regular.ttf */ = {isa = PBXFileReference; lastKnownFileType = file; path = "CarterOne-Regular.ttf"; sourceTree = "<group>"; };
/* End PBXFileReference section */

/* Begin PBXFrameworksBuildPhase section */
		AFDF9E1E2A37F97400E60BB8 /* Frameworks */ = {
			isa = PBXFrameworksBuildPhase;
			buildActionMask = 2147483647;
			files = (
			);
			runOnlyForDeploymentPostprocessing = 0;
		};
/* End PBXFrameworksBuildPhase section */

/* Begin PBXGroup section */
		AFDF9E182A37F97400E60BB8 = {
			isa = PBXGroup;
			children = (
				AFDF9E232A37F97400E60BB8 /* TurdGo */,
				AFDF9E222A37F97400E60BB8 /* Products */,
			);
			sourceTree = "<group>";
		};
		AFDF9E222A37F97400E60BB8 /* Products */ = {
			isa = PBXGroup;
			children = (
				AFDF9E212A37F97400E60BB8 /* TurdGo.app */,
			);
			name = Products;
			sourceTree = "<group>";
		};
		AFDF9E232A37F97400E60BB8 /* TurdGo */ = {
			isa = PBXGroup;
			children = (
				BDEBEB5E2A38C095002ED40B /* Info.plist */,
				BDEBEB5F2A38C0A4002ED40B /* Custom Fonts */,
				AFDF9E552A382DA700E60BB8 /* views */,
				AFDF9E542A382D8500E60BB8 /* map */,
				AFDF9E242A37F97400E60BB8 /* TurdGoApp.swift */,
				AFDF9E282A37F9BD00E60BB8 /* Assets.xcassets */,
				AFDF9E2A2A37F9BD00E60BB8 /* Preview Content */,
			);
			path = TurdGo;
			sourceTree = "<group>";
		};
		AFDF9E2A2A37F9BD00E60BB8 /* Preview Content */ = {
			isa = PBXGroup;
			children = (
				AFDF9E2B2A37F9BD00E60BB8 /* Preview Assets.xcassets */,
			);
			path = "Preview Content";
			sourceTree = "<group>";
		};
		AFDF9E542A382D8500E60BB8 /* map */ = {
			isa = PBXGroup;
			children = (
				AFDF9E342A37FF6400E60BB8 /* MapViewRepresentable.swift */,
				AFDF9E362A38030A00E60BB8 /* LocationManager.swift */,
			);
			path = map;
			sourceTree = "<group>";
		};
		AFDF9E552A382DA700E60BB8 /* views */ = {
			isa = PBXGroup;
			children = (
				AFDF9E522A382BB500E60BB8 /* LocationSearchView.swift */,
				BDEBEB5C2A38BBF1002ED40B /* IntroView.swift */,
				AFDF9E322A37FF2E00E60BB8 /* ContentView.swift */,
				AFDF9E562A382E2700E60BB8 /* NavButton.swift */,
				AFDF9E582A382F6100E60BB8 /* AddressListView.swift */,
				AFDF9E5A2A3832C800E60BB8 /* AddressScroll.swift */,
			);
			path = views;
			sourceTree = "<group>";
		};
		BDEBEB5F2A38C0A4002ED40B /* Custom Fonts */ = {
			isa = PBXGroup;
			children = (
				BDEBEB602A38C0D6002ED40B /* CarterOne-Regular.ttf */,
			);
			path = "Custom Fonts";
			sourceTree = "<group>";
		};
/* End PBXGroup section */

/* Begin PBXNativeTarget section */
		AFDF9E202A37F97400E60BB8 /* TurdGo */ = {
			isa = PBXNativeTarget;
			buildConfigurationList = AFDF9E2F2A37F9BD00E60BB8 /* Build configuration list for PBXNativeTarget "TurdGo" */;
			buildPhases = (
				AFDF9E1D2A37F97400E60BB8 /* Sources */,
				AFDF9E1E2A37F97400E60BB8 /* Frameworks */,
				AFDF9E1F2A37F97400E60BB8 /* Resources */,
			);
			buildRules = (
			);
			dependencies = (
			);
			name = TurdGo;
			productName = TurdGo;
			productReference = AFDF9E212A37F97400E60BB8 /* TurdGo.app */;
			productType = "com.apple.product-type.application";
		};
/* End PBXNativeTarget section */

/* Begin PBXProject section */
		AFDF9E192A37F97400E60BB8 /* Project object */ = {
			isa = PBXProject;
			attributes = {
				BuildIndependentTargetsInParallel = 1;
				LastSwiftUpdateCheck = 1430;
				LastUpgradeCheck = 1430;
				TargetAttributes = {
					AFDF9E202A37F97400E60BB8 = {
						CreatedOnToolsVersion = 14.3.1;
					};
				};
			};
			buildConfigurationList = AFDF9E1C2A37F97400E60BB8 /* Build configuration list for PBXProject "TurdGo" */;
			compatibilityVersion = "Xcode 14.0";
			developmentRegion = en;
			hasScannedForEncodings = 0;
			knownRegions = (
				en,
				Base,
			);
			mainGroup = AFDF9E182A37F97400E60BB8;
			productRefGroup = AFDF9E222A37F97400E60BB8 /* Products */;
			projectDirPath = "";
			projectRoot = "";
			targets = (
				AFDF9E202A37F97400E60BB8 /* TurdGo */,
			);
		};
/* End PBXProject section */

/* Begin PBXResourcesBuildPhase section */
		AFDF9E1F2A37F97400E60BB8 /* Resources */ = {
			isa = PBXResourcesBuildPhase;
			buildActionMask = 2147483647;
			files = (
				AFDF9E2C2A37F9BD00E60BB8 /* Preview Assets.xcassets in Resources */,
				BDEBEB612A38C0D6002ED40B /* CarterOne-Regular.ttf in Resources */,
				AFDF9E292A37F9BD00E60BB8 /* Assets.xcassets in Resources */,
			);
			runOnlyForDeploymentPostprocessing = 0;
		};
/* End PBXResourcesBuildPhase section */

/* Begin PBXSourcesBuildPhase section */
		AFDF9E1D2A37F97400E60BB8 /* Sources */ = {
			isa = PBXSourcesBuildPhase;
			buildActionMask = 2147483647;
			files = (
				AFDF9E372A38030A00E60BB8 /* LocationManager.swift in Sources */,
				AFDF9E332A37FF2E00E60BB8 /* ContentView.swift in Sources */,
				AFDF9E532A382BB500E60BB8 /* LocationSearchView.swift in Sources */,
				AFDF9E5B2A3832C800E60BB8 /* AddressScroll.swift in Sources */,
				AFDF9E592A382F6100E60BB8 /* AddressListView.swift in Sources */,
				BDEBEB5D2A38BBF1002ED40B /* IntroView.swift in Sources */,
				AFDF9E572A382E2700E60BB8 /* NavButton.swift in Sources */,
				AFDF9E352A37FF6400E60BB8 /* MapViewRepresentable.swift in Sources */,
				AFDF9E252A37F97400E60BB8 /* TurdGoApp.swift in Sources */,
			);
			runOnlyForDeploymentPostprocessing = 0;
		};
/* End PBXSourcesBuildPhase section */

/* Begin XCBuildConfiguration section */
		AFDF9E2D2A37F9BD00E60BB8 /* Debug */ = {
			isa = XCBuildConfiguration;
			buildSettings = {
				ALWAYS_SEARCH_USER_PATHS = NO;
				CLANG_ANALYZER_NONNULL = YES;
				CLANG_ANALYZER_NUMBER_OBJECT_CONVERSION = YES_AGGRESSIVE;
				CLANG_CXX_LANGUAGE_STANDARD = "gnu++20";
				CLANG_ENABLE_MODULES = YES;
				CLANG_ENABLE_OBJC_ARC = YES;
				CLANG_ENABLE_OBJC_WEAK = YES;
				CLANG_WARN_BLOCK_CAPTURE_AUTORELEASING = YES;
				CLANG_WARN_BOOL_CONVERSION = YES;
				CLANG_WARN_COMMA = YES;
				CLANG_WARN_CONSTANT_CONVERSION = YES;
				CLANG_WARN_DEPRECATED_OBJC_IMPLEMENTATIONS = YES;
				CLANG_WARN_DIRECT_OBJC_ISA_USAGE = YES_ERROR;
				CLANG_WARN_DOCUMENTATION_COMMENTS = YES;
				CLANG_WARN_EMPTY_BODY = YES;
				CLANG_WARN_ENUM_CONVERSION = YES;
				CLANG_WARN_INFINITE_RECURSION = YES;
				CLANG_WARN_INT_CONVERSION = YES;
				CLANG_WARN_NON_LITERAL_NULL_CONVERSION = YES;
				CLANG_WARN_OBJC_IMPLICIT_RETAIN_SELF = YES;
				CLANG_WARN_OBJC_LITERAL_CONVERSION = YES;
				CLANG_WARN_OBJC_ROOT_CLASS = YES_ERROR;
				CLANG_WARN_QUOTED_INCLUDE_IN_FRAMEWORK_HEADER = YES;
				CLANG_WARN_RANGE_LOOP_ANALYSIS = YES;
				CLANG_WARN_STRICT_PROTOTYPES = YES;
				CLANG_WARN_SUSPICIOUS_MOVE = YES;
				CLANG_WARN_UNGUARDED_AVAILABILITY = YES_AGGRESSIVE;
				CLANG_WARN_UNREACHABLE_CODE = YES;
				CLANG_WARN__DUPLICATE_METHOD_MATCH = YES;
				COPY_PHASE_STRIP = NO;
				DEBUG_INFORMATION_FORMAT = dwarf;
				ENABLE_STRICT_OBJC_MSGSEND = YES;
				ENABLE_TESTABILITY = YES;
				GCC_C_LANGUAGE_STANDARD = gnu11;
				GCC_DYNAMIC_NO_PIC = NO;
				GCC_NO_COMMON_BLOCKS = YES;
				GCC_OPTIMIZATION_LEVEL = 0;
				GCC_PREPROCESSOR_DEFINITIONS = (
					"DEBUG=1",
					"$(inherited)",
				);
				GCC_WARN_64_TO_32_BIT_CONVERSION = YES;
				GCC_WARN_ABOUT_RETURN_TYPE = YES_ERROR;
				GCC_WARN_UNDECLARED_SELECTOR = YES;
				GCC_WARN_UNINITIALIZED_AUTOS = YES_AGGRESSIVE;
				GCC_WARN_UNUSED_FUNCTION = YES;
				GCC_WARN_UNUSED_VARIABLE = YES;
				IPHONEOS_DEPLOYMENT_TARGET = 16.4;
				MTL_ENABLE_DEBUG_INFO = INCLUDE_SOURCE;
				MTL_FAST_MATH = YES;
				ONLY_ACTIVE_ARCH = YES;
				SDKROOT = iphoneos;
				SWIFT_ACTIVE_COMPILATION_CONDITIONS = DEBUG;
				SWIFT_OPTIMIZATION_LEVEL = "-Onone";
			};
			name = Debug;
		};
		AFDF9E2E2A37F9BD00E60BB8 /* Release */ = {
			isa = XCBuildConfiguration;
			buildSettings = {
				ALWAYS_SEARCH_USER_PATHS = NO;
				CLANG_ANALYZER_NONNULL = YES;
				CLANG_ANALYZER_NUMBER_OBJECT_CONVERSION = YES_AGGRESSIVE;
				CLANG_CXX_LANGUAGE_STANDARD = "gnu++20";
				CLANG_ENABLE_MODULES = YES;
				CLANG_ENABLE_OBJC_ARC = YES;
				CLANG_ENABLE_OBJC_WEAK = YES;
				CLANG_WARN_BLOCK_CAPTURE_AUTORELEASING = YES;
				CLANG_WARN_BOOL_CONVERSION = YES;
				CLANG_WARN_COMMA = YES;
				CLANG_WARN_CONSTANT_CONVERSION = YES;
				CLANG_WARN_DEPRECATED_OBJC_IMPLEMENTATIONS = YES;
				CLANG_WARN_DIRECT_OBJC_ISA_USAGE = YES_ERROR;
				CLANG_WARN_DOCUMENTATION_COMMENTS = YES;
				CLANG_WARN_EMPTY_BODY = YES;
				CLANG_WARN_ENUM_CONVERSION = YES;
				CLANG_WARN_INFINITE_RECURSION = YES;
				CLANG_WARN_INT_CONVERSION = YES;
				CLANG_WARN_NON_LITERAL_NULL_CONVERSION = YES;
				CLANG_WARN_OBJC_IMPLICIT_RETAIN_SELF = YES;
				CLANG_WARN_OBJC_LITERAL_CONVERSION = YES;
				CLANG_WARN_OBJC_ROOT_CLASS = YES_ERROR;
				CLANG_WARN_QUOTED_INCLUDE_IN_FRAMEWORK_HEADER = YES;
				CLANG_WARN_RANGE_LOOP_ANALYSIS = YES;
				CLANG_WARN_STRICT_PROTOTYPES = YES;
				CLANG_WARN_SUSPICIOUS_MOVE = YES;
				CLANG_WARN_UNGUARDED_AVAILABILITY = YES_AGGRESSIVE;
				CLANG_WARN_UNREACHABLE_CODE = YES;
				CLANG_WARN__DUPLICATE_METHOD_MATCH = YES;
				COPY_PHASE_STRIP = NO;
				DEBUG_INFORMATION_FORMAT = "dwarf-with-dsym";
				ENABLE_NS_ASSERTIONS = NO;
				ENABLE_STRICT_OBJC_MSGSEND = YES;
				GCC_C_LANGUAGE_STANDARD = gnu11;
				GCC_NO_COMMON_BLOCKS = YES;
				GCC_WARN_64_TO_32_BIT_CONVERSION = YES;
				GCC_WARN_ABOUT_RETURN_TYPE = YES_ERROR;
				GCC_WARN_UNDECLARED_SELECTOR = YES;
				GCC_WARN_UNINITIALIZED_AUTOS = YES_AGGRESSIVE;
				GCC_WARN_UNUSED_FUNCTION = YES;
				GCC_WARN_UNUSED_VARIABLE = YES;
				IPHONEOS_DEPLOYMENT_TARGET = 16.4;
				MTL_ENABLE_DEBUG_INFO = NO;
				MTL_FAST_MATH = YES;
				SDKROOT = iphoneos;
				SWIFT_COMPILATION_MODE = wholemodule;
				SWIFT_OPTIMIZATION_LEVEL = "-O";
				VALIDATE_PRODUCT = YES;
			};
			name = Release;
		};
		AFDF9E302A37F9BD00E60BB8 /* Debug */ = {
			isa = XCBuildConfiguration;
			buildSettings = {
				ASSETCATALOG_COMPILER_APPICON_NAME = AppIcon;
				ASSETCATALOG_COMPILER_GLOBAL_ACCENT_COLOR_NAME = AccentColor;
				CODE_SIGN_STYLE = Automatic;
				CURRENT_PROJECT_VERSION = 1;
				DEVELOPMENT_ASSET_PATHS = "\"TurdGo/Preview Content\"";
				ENABLE_PREVIEWS = YES;
				GENERATE_INFOPLIST_FILE = YES;
				INFOPLIST_FILE = TurdGo/Info.plist;
				INFOPLIST_KEY_NSLocationWhenInUseUsageDescription = "User location is needed when only using the app. Your location will be used to find bathrooms near you.";
				INFOPLIST_KEY_UIApplicationSceneManifest_Generation = YES;
				INFOPLIST_KEY_UIApplicationSupportsIndirectInputEvents = YES;
				INFOPLIST_KEY_UILaunchScreen_Generation = YES;
				INFOPLIST_KEY_UISupportedInterfaceOrientations_iPad = "UIInterfaceOrientationPortrait UIInterfaceOrientationPortraitUpsideDown UIInterfaceOrientationLandscapeLeft UIInterfaceOrientationLandscapeRight";
				INFOPLIST_KEY_UISupportedInterfaceOrientations_iPhone = "UIInterfaceOrientationPortrait UIInterfaceOrientationLandscapeLeft UIInterfaceOrientationLandscapeRight";
				LD_RUNPATH_SEARCH_PATHS = (
					"$(inherited)",
					"@executable_path/Frameworks",
				);
				MARKETING_VERSION = 1.0;
				PRODUCT_BUNDLE_IDENTIFIER = kwk.TurdGo;
				PRODUCT_NAME = "$(TARGET_NAME)";
				SWIFT_EMIT_LOC_STRINGS = YES;
				SWIFT_VERSION = 5.0;
				TARGETED_DEVICE_FAMILY = "1,2";
			};
			name = Debug;
		};
		AFDF9E312A37F9BD00E60BB8 /* Release */ = {
			isa = XCBuildConfiguration;
			buildSettings = {
				ASSETCATALOG_COMPILER_APPICON_NAME = AppIcon;
				ASSETCATALOG_COMPILER_GLOBAL_ACCENT_COLOR_NAME = AccentColor;
				CODE_SIGN_STYLE = Automatic;
				CURRENT_PROJECT_VERSION = 1;
				DEVELOPMENT_ASSET_PATHS = "\"TurdGo/Preview Content\"";
				ENABLE_PREVIEWS = YES;
				GENERATE_INFOPLIST_FILE = YES;
				INFOPLIST_FILE = TurdGo/Info.plist;
				INFOPLIST_KEY_NSLocationWhenInUseUsageDescription = "User location is needed when only using the app. Your location will be used to find bathrooms near you.";
				INFOPLIST_KEY_UIApplicationSceneManifest_Generation = YES;
				INFOPLIST_KEY_UIApplicationSupportsIndirectInputEvents = YES;
				INFOPLIST_KEY_UILaunchScreen_Generation = YES;
				INFOPLIST_KEY_UISupportedInterfaceOrientations_iPad = "UIInterfaceOrientationPortrait UIInterfaceOrientationPortraitUpsideDown UIInterfaceOrientationLandscapeLeft UIInterfaceOrientationLandscapeRight";
				INFOPLIST_KEY_UISupportedInterfaceOrientations_iPhone = "UIInterfaceOrientationPortrait UIInterfaceOrientationLandscapeLeft UIInterfaceOrientationLandscapeRight";
				LD_RUNPATH_SEARCH_PATHS = (
					"$(inherited)",
					"@executable_path/Frameworks",
				);
				MARKETING_VERSION = 1.0;
				PRODUCT_BUNDLE_IDENTIFIER = kwk.TurdGo;
				PRODUCT_NAME = "$(TARGET_NAME)";
				SWIFT_EMIT_LOC_STRINGS = YES;
				SWIFT_VERSION = 5.0;
				TARGETED_DEVICE_FAMILY = "1,2";
			};
			name = Release;
		};
/* End XCBuildConfiguration section */

/* Begin XCConfigurationList section */
		AFDF9E1C2A37F97400E60BB8 /* Build configuration list for PBXProject "TurdGo" */ = {
			isa = XCConfigurationList;
			buildConfigurations = (
				AFDF9E2D2A37F9BD00E60BB8 /* Debug */,
				AFDF9E2E2A37F9BD00E60BB8 /* Release */,
			);
			defaultConfigurationIsVisible = 0;
			defaultConfigurationName = Release;
		};
		AFDF9E2F2A37F9BD00E60BB8 /* Build configuration list for PBXNativeTarget "TurdGo" */ = {
			isa = XCConfigurationList;
			buildConfigurations = (
				AFDF9E302A37F9BD00E60BB8 /* Debug */,
				AFDF9E312A37F9BD00E60BB8 /* Release */,
			);
			defaultConfigurationIsVisible = 0;
			defaultConfigurationName = Release;
		};
/* End XCConfigurationList section */
	};
	rootObject = AFDF9E192A37F97400E60BB8 /* Project object */;
}
